
Microsoft Visual Studio Solution File, Format Version 12.00
# Visual Studio Version 16
VisualStudioVersion = 16.0.31112.23
MinimumVisualStudioVersion = 10.0.40219.1
Project("{FAE04EC0-301F-11D3-BF4B-00C04F79EFBC}") = "WebApplication2", "WebApplication2\WebApplication2.csproj", "{019DF796-16BF-475B-9913-4CD04EF4ABAD}"
EndProject
Global
	GlobalSection(SolutionConfigurationPlatforms) = preSolution
		Debug|Any CPU = Debug|Any CPU
		Release|Any CPU = Release|Any CPU
	EndGlobalSection
	GlobalSection(ProjectConfigurationPlatforms) = postSolution
		{019DF796-16BF-475B-9913-4CD04EF4ABAD}.Debug|Any CPU.ActiveCfg = Debug|Any CPU
		{019DF796-16BF-475B-9913-4CD04EF4ABAD}.Debug|Any CPU.Build.0 = Debug|Any CPU
		{019DF796-16BF-475B-9913-4CD04EF4ABAD}.Release|Any CPU.ActiveCfg = Release|Any CPU
		{019DF796-16BF-475B-9913-4CD04EF4ABAD}.Release|Any CPU.Build.0 = Release|Any CPU
	EndGlobalSection
	GlobalSection(SolutionProperties) = preSolution
		HideSolutionNode = FALSE
	EndGlobalSection
	GlobalSection(ExtensibilityGlobals) = postSolution
		SolutionGuid = {6B96F825-3742-4229-A6ED-24120640B54C}
	EndGlobalSection
EndGlobal
